<Solution>
  <Folder Name="/src/">
    <Project Path="src/Armada.Contracts/Armada.Contracts.csproj" />
    <Project Path="src/Armada.Domain/Armada.Domain.csproj" />
  </Folder>
  <Folder Name="/tests/">
    <Project Path="tests/Armada.Contracts.Tests/Armada.Contracts.Tests.csproj" />
    <Project Path="tests/Armada.Domain.Tests/Armada.Domain.Tests.csproj" />
  </Folder>
</Solution>
